// !$*UTF8*$!
{
	archiveVersion = 1;
	classes = {
	};
	objectVersion = 48;
	objects = {

/* Begin PBXBuildFile section */
		5746559CA773CAC00E02A912 /* libPods-WeatherApp.a in Frameworks */ = {isa = PBXBuildFile; fileRef = 1FDF08859C88285B1A4D52A2 /* libPods-WeatherApp.a */; };
		B5D814581F91689A00529249 /* AppDelegate.m in Sources */ = {isa = PBXBuildFile; fileRef = B5D814571F91689A00529249 /* AppDelegate.m */; };
		B5D8145E1F91689A00529249 /* Main.storyboard in Resources */ = {isa = PBXBuildFile; fileRef = B5D8145C1F91689A00529249 /* Main.storyboard */; };
		B5D814611F91689A00529249 /* WeatherApp.xcdatamodeld in Sources */ = {isa = PBXBuildFile; fileRef = B5D8145F1F91689A00529249 /* WeatherApp.xcdatamodeld */; };
		B5D814631F91689A00529249 /* Assets.xcassets in Resources */ = {isa = PBXBuildFile; fileRef = B5D814621F91689A00529249 /* Assets.xcassets */; };
		B5D814661F91689A00529249 /* LaunchScreen.storyboard in Resources */ = {isa = PBXBuildFile; fileRef = B5D814641F91689A00529249 /* LaunchScreen.storyboard */; };
		B5D814691F91689A00529249 /* main.m in Sources */ = {isa = PBXBuildFile; fileRef = B5D814681F91689A00529249 /* main.m */; };
		B5D814741F916D2F00529249 /* SearchViewController.m in Sources */ = {isa = PBXBuildFile; fileRef = B5D814731F916D2F00529249 /* SearchViewController.m */; };
		B5D814771F916D5B00529249 /* FavouritesViewController.m in Sources */ = {isa = PBXBuildFile; fileRef = B5D814761F916D5B00529249 /* FavouritesViewController.m */; };
		B5D8147B1F916DF800529249 /* DetailWeatherViewController.m in Sources */ = {isa = PBXBuildFile; fileRef = B5D8147A1F916DF800529249 /* DetailWeatherViewController.m */; };
		B5D8147F1F9178B600529249 /* UIViewController+Routes.m in Sources */ = {isa = PBXBuildFile; fileRef = B5D8147E1F9178B600529249 /* UIViewController+Routes.m */; };
/* End PBXBuildFile section */

/* Begin PBXFileReference section */
		1FDF08859C88285B1A4D52A2 /* libPods-WeatherApp.a */ = {isa = PBXFileReference; explicitFileType = archive.ar; includeInIndex = 0; path = "libPods-WeatherApp.a"; sourceTree = BUILT_PRODUCTS_DIR; };
		4E3FA00F90CF8736661C126B /* Pods-WeatherApp.release.xcconfig */ = {isa = PBXFileReference; includeInIndex = 1; lastKnownFileType = text.xcconfig; name = "Pods-WeatherApp.release.xcconfig"; path = "Pods/Target Support Files/Pods-WeatherApp/Pods-WeatherApp.release.xcconfig"; sourceTree = "<group>"; };
		B5D814531F91689900529249 /* WeatherApp.app */ = {isa = PBXFileReference; explicitFileType = wrapper.application; includeInIndex = 0; path = WeatherApp.app; sourceTree = BUILT_PRODUCTS_DIR; };
		B5D814561F91689900529249 /* AppDelegate.h */ = {isa = PBXFileReference; lastKnownFileType = sourcecode.c.h; path = AppDelegate.h; sourceTree = "<group>"; };
		B5D814571F91689A00529249 /* AppDelegate.m */ = {isa = PBXFileReference; lastKnownFileType = sourcecode.c.objc; path = AppDelegate.m; sourceTree = "<group>"; };
		B5D8145D1F91689A00529249 /* Base */ = {isa = PBXFileReference; lastKnownFileType = file.storyboard; name = Base; path = Base.lproj/Main.storyboard; sourceTree = "<group>"; };
		B5D814601F91689A00529249 /* WeatherApp.xcdatamodel */ = {isa = PBXFileReference; lastKnownFileType = wrapper.xcdatamodel; path = WeatherApp.xcdatamodel; sourceTree = "<group>"; };
		B5D814621F91689A00529249 /* Assets.xcassets */ = {isa = PBXFileReference; lastKnownFileType = folder.assetcatalog; path = Assets.xcassets; sourceTree = "<group>"; };
		B5D814651F91689A00529249 /* Base */ = {isa = PBXFileReference; lastKnownFileType = file.storyboard; name = Base; path = Base.lproj/LaunchScreen.storyboard; sourceTree = "<group>"; };
		B5D814671F91689A00529249 /* Info.plist */ = {isa = PBXFileReference; lastKnownFileType = text.plist.xml; path = Info.plist; sourceTree = "<group>"; };
		B5D814681F91689A00529249 /* main.m */ = {isa = PBXFileReference; lastKnownFileType = sourcecode.c.objc; path = main.m; sourceTree = "<group>"; };
		B5D814721F916D2F00529249 /* SearchViewController.h */ = {isa = PBXFileReference; lastKnownFileType = sourcecode.c.h; path = SearchViewController.h; sourceTree = "<group>"; };
		B5D814731F916D2F00529249 /* SearchViewController.m */ = {isa = PBXFileReference; lastKnownFileType = sourcecode.c.objc; path = SearchViewController.m; sourceTree = "<group>"; };
		B5D814751F916D5B00529249 /* FavouritesViewController.h */ = {isa = PBXFileReference; lastKnownFileType = sourcecode.c.h; path = FavouritesViewController.h; sourceTree = "<group>"; };
		B5D814761F916D5B00529249 /* FavouritesViewController.m */ = {isa = PBXFileReference; lastKnownFileType = sourcecode.c.objc; path = FavouritesViewController.m; sourceTree = "<group>"; };
		B5D814791F916DF800529249 /* DetailWeatherViewController.h */ = {isa = PBXFileReference; lastKnownFileType = sourcecode.c.h; path = DetailWeatherViewController.h; sourceTree = "<group>"; };
		B5D8147A1F916DF800529249 /* DetailWeatherViewController.m */ = {isa = PBXFileReference; lastKnownFileType = sourcecode.c.objc; path = DetailWeatherViewController.m; sourceTree = "<group>"; };
		B5D8147D1F9178B600529249 /* UIViewController+Routes.h */ = {isa = PBXFileReference; lastKnownFileType = sourcecode.c.h; path = "UIViewController+Routes.h"; sourceTree = "<group>"; };
		B5D8147E1F9178B600529249 /* UIViewController+Routes.m */ = {isa = PBXFileReference; lastKnownFileType = sourcecode.c.objc; path = "UIViewController+Routes.m"; sourceTree = "<group>"; };
		C303186BEB9EEE7B92196A18 /* Pods-WeatherApp.debug.xcconfig */ = {isa = PBXFileReference; includeInIndex = 1; lastKnownFileType = text.xcconfig; name = "Pods-WeatherApp.debug.xcconfig"; path = "Pods/Target Support Files/Pods-WeatherApp/Pods-WeatherApp.debug.xcconfig"; sourceTree = "<group>"; };
/* End PBXFileReference section */

/* Begin PBXFrameworksBuildPhase section */
		B5D814501F91689900529249 /* Frameworks */ = {
			isa = PBXFrameworksBuildPhase;
			buildActionMask = 2147483647;
			files = (
				5746559CA773CAC00E02A912 /* libPods-WeatherApp.a in Frameworks */,
			);
			runOnlyForDeploymentPostprocessing = 0;
		};
/* End PBXFrameworksBuildPhase section */

/* Begin PBXGroup section */
		095D972997CA267382CE2DF1 /* Pods */ = {
			isa = PBXGroup;
			children = (
				C303186BEB9EEE7B92196A18 /* Pods-WeatherApp.debug.xcconfig */,
				4E3FA00F90CF8736661C126B /* Pods-WeatherApp.release.xcconfig */,
			);
			name = Pods;
			sourceTree = "<group>";
		};
		B5D8144A1F91689900529249 = {
			isa = PBXGroup;
			children = (
				B5D814551F91689900529249 /* WeatherApp */,
				B5D814541F91689900529249 /* Products */,
				095D972997CA267382CE2DF1 /* Pods */,
				D3F0BA2F4142D8F891E572B7 /* Frameworks */,
			);
			sourceTree = "<group>";
		};
		B5D814541F91689900529249 /* Products */ = {
			isa = PBXGroup;
			children = (
				B5D814531F91689900529249 /* WeatherApp.app */,
			);
			name = Products;
			sourceTree = "<group>";
		};
		B5D814551F91689900529249 /* WeatherApp */ = {
			isa = PBXGroup;
			children = (
				B5D8147C1F91776900529249 /* Categories */,
				B5D8146F1F916CBD00529249 /* Controllers */,
				B5D814561F91689900529249 /* AppDelegate.h */,
				B5D814571F91689A00529249 /* AppDelegate.m */,
				B5D8145C1F91689A00529249 /* Main.storyboard */,
				B5D814621F91689A00529249 /* Assets.xcassets */,
				B5D814641F91689A00529249 /* LaunchScreen.storyboard */,
				B5D814671F91689A00529249 /* Info.plist */,
				B5D814681F91689A00529249 /* main.m */,
				B5D8145F1F91689A00529249 /* WeatherApp.xcdatamodeld */,
			);
			path = WeatherApp;
			sourceTree = "<group>";
		};
		B5D8146F1F916CBD00529249 /* Controllers */ = {
			isa = PBXGroup;
			children = (
				B5D814781F916D7B00529249 /* DetailWeather */,
				B5D814711F916CF200529249 /* Favourites */,
				B5D814701F916CD700529249 /* SearchCity */,
			);
			path = Controllers;
			sourceTree = "<group>";
		};
		B5D814701F916CD700529249 /* SearchCity */ = {
			isa = PBXGroup;
			children = (
				B5D814721F916D2F00529249 /* SearchViewController.h */,
				B5D814731F916D2F00529249 /* SearchViewController.m */,
			);
			path = SearchCity;
			sourceTree = "<group>";
		};
		B5D814711F916CF200529249 /* Favourites */ = {
			isa = PBXGroup;
			children = (
				B5D814751F916D5B00529249 /* FavouritesViewController.h */,
				B5D814761F916D5B00529249 /* FavouritesViewController.m */,
			);
			path = Favourites;
			sourceTree = "<group>";
		};
		B5D814781F916D7B00529249 /* DetailWeather */ = {
			isa = PBXGroup;
			children = (
				B5D814791F916DF800529249 /* DetailWeatherViewController.h */,
				B5D8147A1F916DF800529249 /* DetailWeatherViewController.m */,
			);
			path = DetailWeather;
			sourceTree = "<group>";
		};
		B5D8147C1F91776900529249 /* Categories */ = {
			isa = PBXGroup;
			children = (
				B5D8147D1F9178B600529249 /* UIViewController+Routes.h */,
				B5D8147E1F9178B600529249 /* UIViewController+Routes.m */,
			);
			path = Categories;
			sourceTree = "<group>";
		};
		D3F0BA2F4142D8F891E572B7 /* Frameworks */ = {
			isa = PBXGroup;
			children = (
				1FDF08859C88285B1A4D52A2 /* libPods-WeatherApp.a */,
			);
			name = Frameworks;
			sourceTree = "<group>";
		};
/* End PBXGroup section */

/* Begin PBXNativeTarget section */
		B5D814521F91689900529249 /* WeatherApp */ = {
			isa = PBXNativeTarget;
			buildConfigurationList = B5D8146C1F91689A00529249 /* Build configuration list for PBXNativeTarget "WeatherApp" */;
			buildPhases = (
				2E2DE7FA330F43E72F62C634 /* [CP] Check Pods Manifest.lock */,
				B5D8144F1F91689900529249 /* Sources */,
				B5D814501F91689900529249 /* Frameworks */,
				B5D814511F91689900529249 /* Resources */,
				02B9521CFDFC58DCF41106E6 /* [CP] Embed Pods Frameworks */,
				270CF0B0649392AC147E1B8C /* [CP] Copy Pods Resources */,
			);
			buildRules = (
			);
			dependencies = (
			);
			name = WeatherApp;
			productName = WeatherApp;
			productReference = B5D814531F91689900529249 /* WeatherApp.app */;
			productType = "com.apple.product-type.application";
		};
/* End PBXNativeTarget section */

/* Begin PBXProject section */
		B5D8144B1F91689900529249 /* Project object */ = {
			isa = PBXProject;
			attributes = {
				LastUpgradeCheck = 0900;
				ORGANIZATIONNAME = "I am Konstantin";
				TargetAttributes = {
					B5D814521F91689900529249 = {
						CreatedOnToolsVersion = 9.0;
						ProvisioningStyle = Automatic;
					};
				};
			};
			buildConfigurationList = B5D8144E1F91689900529249 /* Build configuration list for PBXProject "WeatherApp" */;
			compatibilityVersion = "Xcode 8.0";
			developmentRegion = en;
			hasScannedForEncodings = 0;
			knownRegions = (
				en,
				Base,
			);
			mainGroup = B5D8144A1F91689900529249;
			productRefGroup = B5D814541F91689900529249 /* Products */;
			projectDirPath = "";
			projectRoot = "";
			targets = (
				B5D814521F91689900529249 /* WeatherApp */,
			);
		};
/* End PBXProject section */

/* Begin PBXResourcesBuildPhase section */
		B5D814511F91689900529249 /* Resources */ = {
			isa = PBXResourcesBuildPhase;
			buildActionMask = 2147483647;
			files = (
				B5D814661F91689A00529249 /* LaunchScreen.storyboard in Resources */,
				B5D814631F91689A00529249 /* Assets.xcassets in Resources */,
				B5D8145E1F91689A00529249 /* Main.storyboard in Resources */,
			);
			runOnlyForDeploymentPostprocessing = 0;
		};
/* End PBXResourcesBuildPhase section */

/* Begin PBXShellScriptBuildPhase section */
		02B9521CFDFC58DCF41106E6 /* [CP] Embed Pods Frameworks */ = {
			isa = PBXShellScriptBuildPhase;
			buildActionMask = 2147483647;
			files = (
			);
			inputPaths = (
			);
			name = "[CP] Embed Pods Frameworks";
			outputPaths = (
			);
			runOnlyForDeploymentPostprocessing = 0;
			shellPath = /bin/sh;
			shellScript = "\"${SRCROOT}/Pods/Target Support Files/Pods-WeatherApp/Pods-WeatherApp-frameworks.sh\"\n";
			showEnvVarsInLog = 0;
		};
		270CF0B0649392AC147E1B8C /* [CP] Copy Pods Resources */ = {
			isa = PBXShellScriptBuildPhase;
			buildActionMask = 2147483647;
			files = (
			);
			inputPaths = (
			);
			name = "[CP] Copy Pods Resources";
			outputPaths = (
			);
			runOnlyForDeploymentPostprocessing = 0;
			shellPath = /bin/sh;
			shellScript = "\"${SRCROOT}/Pods/Target Support Files/Pods-WeatherApp/Pods-WeatherApp-resources.sh\"\n";
			showEnvVarsInLog = 0;
		};
		2E2DE7FA330F43E72F62C634 /* [CP] Check Pods Manifest.lock */ = {
			isa = PBXShellScriptBuildPhase;
			buildActionMask = 2147483647;
			files = (
			);
			inputPaths = (
				"${PODS_PODFILE_DIR_PATH}/Podfile.lock",
				"${PODS_ROOT}/Manifest.lock",
			);
			name = "[CP] Check Pods Manifest.lock";
			outputPaths = (
				"$(DERIVED_FILE_DIR)/Pods-WeatherApp-checkManifestLockResult.txt",
			);
			runOnlyForDeploymentPostprocessing = 0;
			shellPath = /bin/sh;
			shellScript = "diff \"${PODS_PODFILE_DIR_PATH}/Podfile.lock\" \"${PODS_ROOT}/Manifest.lock\" > /dev/null\nif [ $? != 0 ] ; then\n    # print error to STDERR\n    echo \"error: The sandbox is not in sync with the Podfile.lock. Run 'pod install' or update your CocoaPods installation.\" >&2\n    exit 1\nfi\n# This output is used by Xcode 'outputs' to avoid re-running this script phase.\necho \"SUCCESS\" > \"${SCRIPT_OUTPUT_FILE_0}\"\n";
			showEnvVarsInLog = 0;
		};
/* End PBXShellScriptBuildPhase section */

/* Begin PBXSourcesBuildPhase section */
		B5D8144F1F91689900529249 /* Sources */ = {
			isa = PBXSourcesBuildPhase;
			buildActionMask = 2147483647;
			files = (
				B5D814771F916D5B00529249 /* FavouritesViewController.m in Sources */,
				B5D814611F91689A00529249 /* WeatherApp.xcdatamodeld in Sources */,
				B5D814691F91689A00529249 /* main.m in Sources */,
				B5D8147F1F9178B600529249 /* UIViewController+Routes.m in Sources */,
				B5D814741F916D2F00529249 /* SearchViewController.m in Sources */,
				B5D8147B1F916DF800529249 /* DetailWeatherViewController.m in Sources */,
				B5D814581F91689A00529249 /* AppDelegate.m in Sources */,
			);
			runOnlyForDeploymentPostprocessing = 0;
		};
/* End PBXSourcesBuildPhase section */

/* Begin PBXVariantGroup section */
		B5D8145C1F91689A00529249 /* Main.storyboard */ = {
			isa = PBXVariantGroup;
			children = (
				B5D8145D1F91689A00529249 /* Base */,
			);
			name = Main.storyboard;
			sourceTree = "<group>";
		};
		B5D814641F91689A00529249 /* LaunchScreen.storyboard */ = {
			isa = PBXVariantGroup;
			children = (
				B5D814651F91689A00529249 /* Base */,
			);
			name = LaunchScreen.storyboard;
			sourceTree = "<group>";
		};
/* End PBXVariantGroup section */

/* Begin XCBuildConfiguration section */
		B5D8146A1F91689A00529249 /* Debug */ = {
			isa = XCBuildConfiguration;
			buildSettings = {
				ALWAYS_SEARCH_USER_PATHS = NO;
				CLANG_ANALYZER_NONNULL = YES;
				CLANG_ANALYZER_NUMBER_OBJECT_CONVERSION = YES_AGGRESSIVE;
				CLANG_CXX_LANGUAGE_STANDARD = "gnu++14";
				CLANG_CXX_LIBRARY = "libc++";
				CLANG_ENABLE_MODULES = YES;
				CLANG_ENABLE_OBJC_ARC = YES;
				CLANG_WARN_BLOCK_CAPTURE_AUTORELEASING = YES;
				CLANG_WARN_BOOL_CONVERSION = YES;
				CLANG_WARN_COMMA = YES;
				CLANG_WARN_CONSTANT_CONVERSION = YES;
				CLANG_WARN_DIRECT_OBJC_ISA_USAGE = YES_ERROR;
				CLANG_WARN_DOCUMENTATION_COMMENTS = YES;
				CLANG_WARN_EMPTY_BODY = YES;
				CLANG_WARN_ENUM_CONVERSION = YES;
				CLANG_WARN_INFINITE_RECURSION = YES;
				CLANG_WARN_INT_CONVERSION = YES;
				CLANG_WARN_NON_LITERAL_NULL_CONVERSION = YES;
				CLANG_WARN_OBJC_LITERAL_CONVERSION = YES;
				CLANG_WARN_OBJC_ROOT_CLASS = YES_ERROR;
				CLANG_WARN_RANGE_LOOP_ANALYSIS = YES;
				CLANG_WARN_STRICT_PROTOTYPES = YES;
				CLANG_WARN_SUSPICIOUS_MOVE = YES;
				CLANG_WARN_UNGUARDED_AVAILABILITY = YES_AGGRESSIVE;
				CLANG_WARN_UNREACHABLE_CODE = YES;
				CLANG_WARN__DUPLICATE_METHOD_MATCH = YES;
				CODE_SIGN_IDENTITY = "iPhone Developer";
				COPY_PHASE_STRIP = NO;
				DEBUG_INFORMATION_FORMAT = dwarf;
				ENABLE_STRICT_OBJC_MSGSEND = YES;
				ENABLE_TESTABILITY = YES;
				GCC_C_LANGUAGE_STANDARD = gnu11;
				GCC_DYNAMIC_NO_PIC = NO;
				GCC_NO_COMMON_BLOCKS = YES;
				GCC_OPTIMIZATION_LEVEL = 0;
				GCC_PREPROCESSOR_DEFINITIONS = (
					"DEBUG=1",
					"$(inherited)",
				);
				GCC_WARN_64_TO_32_BIT_CONVERSION = YES;
				GCC_WARN_ABOUT_RETURN_TYPE = YES_ERROR;
				GCC_WARN_UNDECLARED_SELECTOR = YES;
				GCC_WARN_UNINITIALIZED_AUTOS = YES_AGGRESSIVE;
				GCC_WARN_UNUSED_FUNCTION = YES;
				GCC_WARN_UNUSED_VARIABLE = YES;
				IPHONEOS_DEPLOYMENT_TARGET = 11.0;
				MTL_ENABLE_DEBUG_INFO = YES;
				ONLY_ACTIVE_ARCH = YES;
				SDKROOT = iphoneos;
			};
			name = Debug;
		};
		B5D8146B1F91689A00529249 /* Release */ = {
			isa = XCBuildConfiguration;
			buildSettings = {
				ALWAYS_SEARCH_USER_PATHS = NO;
				CLANG_ANALYZER_NONNULL = YES;
				CLANG_ANALYZER_NUMBER_OBJECT_CONVERSION = YES_AGGRESSIVE;
				CLANG_CXX_LANGUAGE_STANDARD = "gnu++14";
				CLANG_CXX_LIBRARY = "libc++";
				CLANG_ENABLE_MODULES = YES;
				CLANG_ENABLE_OBJC_ARC = YES;
				CLANG_WARN_BLOCK_CAPTURE_AUTORELEASING = YES;
				CLANG_WARN_BOOL_CONVERSION = YES;
				CLANG_WARN_COMMA = YES;
				CLANG_WARN_CONSTANT_CONVERSION = YES;
				CLANG_WARN_DIRECT_OBJC_ISA_USAGE = YES_ERROR;
				CLANG_WARN_DOCUMENTATION_COMMENTS = YES;
				CLANG_WARN_EMPTY_BODY = YES;
				CLANG_WARN_ENUM_CONVERSION = YES;
				CLANG_WARN_INFINITE_RECURSION = YES;
				CLANG_WARN_INT_CONVERSION = YES;
				CLANG_WARN_NON_LITERAL_NULL_CONVERSION = YES;
				CLANG_WARN_OBJC_LITERAL_CONVERSION = YES;
				CLANG_WARN_OBJC_ROOT_CLASS = YES_ERROR;
				CLANG_WARN_RANGE_LOOP_ANALYSIS = YES;
				CLANG_WARN_STRICT_PROTOTYPES = YES;
				CLANG_WARN_SUSPICIOUS_MOVE = YES;
				CLANG_WARN_UNGUARDED_AVAILABILITY = YES_AGGRESSIVE;
				CLANG_WARN_UNREACHABLE_CODE = YES;
				CLANG_WARN__DUPLICATE_METHOD_MATCH = YES;
				CODE_SIGN_IDENTITY = "iPhone Developer";
				COPY_PHASE_STRIP = NO;
				DEBUG_INFORMATION_FORMAT = "dwarf-with-dsym";
				ENABLE_NS_ASSERTIONS = NO;
				ENABLE_STRICT_OBJC_MSGSEND = YES;
				GCC_C_LANGUAGE_STANDARD = gnu11;
				GCC_NO_COMMON_BLOCKS = YES;
				GCC_WARN_64_TO_32_BIT_CONVERSION = YES;
				GCC_WARN_ABOUT_RETURN_TYPE = YES_ERROR;
				GCC_WARN_UNDECLARED_SELECTOR = YES;
				GCC_WARN_UNINITIALIZED_AUTOS = YES_AGGRESSIVE;
				GCC_WARN_UNUSED_FUNCTION = YES;
				GCC_WARN_UNUSED_VARIABLE = YES;
				IPHONEOS_DEPLOYMENT_TARGET = 11.0;
				MTL_ENABLE_DEBUG_INFO = NO;
				SDKROOT = iphoneos;
				VALIDATE_PRODUCT = YES;
			};
			name = Release;
		};
		B5D8146D1F91689A00529249 /* Debug */ = {
			isa = XCBuildConfiguration;
			baseConfigurationReference = C303186BEB9EEE7B92196A18 /* Pods-WeatherApp.debug.xcconfig */;
			buildSettings = {
				ASSETCATALOG_COMPILER_APPICON_NAME = AppIcon;
				CODE_SIGN_STYLE = Automatic;
				DEVELOPMENT_TEAM = UH5E4S62N6;
				INFOPLIST_FILE = WeatherApp/Info.plist;
				LD_RUNPATH_SEARCH_PATHS = "$(inherited) @executable_path/Frameworks";
				PRODUCT_BUNDLE_IDENTIFIER = kia.WeatherApp;
				PRODUCT_NAME = "$(TARGET_NAME)";
				TARGETED_DEVICE_FAMILY = "1,2";
			};
			name = Debug;
		};
		B5D8146E1F91689A00529249 /* Release */ = {
			isa = XCBuildConfiguration;
			baseConfigurationReference = 4E3FA00F90CF8736661C126B /* Pods-WeatherApp.release.xcconfig */;
			buildSettings = {
				ASSETCATALOG_COMPILER_APPICON_NAME = AppIcon;
				CODE_SIGN_STYLE = Automatic;
				DEVELOPMENT_TEAM = UH5E4S62N6;
				INFOPLIST_FILE = WeatherApp/Info.plist;
				LD_RUNPATH_SEARCH_PATHS = "$(inherited) @executable_path/Frameworks";
				PRODUCT_BUNDLE_IDENTIFIER = kia.WeatherApp;
				PRODUCT_NAME = "$(TARGET_NAME)";
				TARGETED_DEVICE_FAMILY = "1,2";
			};
			name = Release;
		};
/* End XCBuildConfiguration section */

/* Begin XCConfigurationList section */
		B5D8144E1F91689900529249 /* Build configuration list for PBXProject "WeatherApp" */ = {
			isa = XCConfigurationList;
			buildConfigurations = (
				B5D8146A1F91689A00529249 /* Debug */,
				B5D8146B1F91689A00529249 /* Release */,
			);
			defaultConfigurationIsVisible = 0;
			defaultConfigurationName = Release;
		};
		B5D8146C1F91689A00529249 /* Build configuration list for PBXNativeTarget "WeatherApp" */ = {
			isa = XCConfigurationList;
			buildConfigurations = (
				B5D8146D1F91689A00529249 /* Debug */,
				B5D8146E1F91689A00529249 /* Release */,
			);
			defaultConfigurationIsVisible = 0;
			defaultConfigurationName = Release;
		};
/* End XCConfigurationList section */

/* Begin XCVersionGroup section */
		B5D8145F1F91689A00529249 /* WeatherApp.xcdatamodeld */ = {
			isa = XCVersionGroup;
			children = (
				B5D814601F91689A00529249 /* WeatherApp.xcdatamodel */,
			);
			currentVersion = B5D814601F91689A00529249 /* WeatherApp.xcdatamodel */;
			path = WeatherApp.xcdatamodeld;
			sourceTree = "<group>";
			versionGroupType = wrapper.xcdatamodel;
		};
/* End XCVersionGroup section */
	};
	rootObject = B5D8144B1F91689900529249 /* Project object */;
}
